
Microsoft Visual Studio Solution File, Format Version 12.00
# Visual Studio 14
VisualStudioVersion = 14.0.22823.1
MinimumVisualStudioVersion = 10.0.40219.1
Project("{2150E333-8FDC-42A3-9474-1A3956D46DE8}") = "src", "src", "{D1500F2B-70F9-4BC3-B98E-21F2886EB410}"
EndProject
Project("{2150E333-8FDC-42A3-9474-1A3956D46DE8}") = "Solution Items", "Solution Items", "{6F84ABF8-DFB6-4D94-9EF0-2BB1BD81072A}"
	ProjectSection(SolutionItems) = preProject
		global.json = global.json
	EndProjectSection
EndProject
Project("{8BB2217D-0F2D-49D1-97BC-3654ED321F3B}") = "Ehsani", "src\Ehsani\Ehsani.xproj", "{A9D53A94-245C-41C7-BC24-00F20F8B3689}"
EndProject
Global
	GlobalSection(SolutionConfigurationPlatforms) = preSolution
		Debug|Any CPU = Debug|Any CPU
		Release|Any CPU = Release|Any CPU
	EndGlobalSection
	GlobalSection(ProjectConfigurationPlatforms) = postSolution
		{A9D53A94-245C-41C7-BC24-00F20F8B3689}.Debug|Any CPU.ActiveCfg = Debug|Any CPU
		{A9D53A94-245C-41C7-BC24-00F20F8B3689}.Debug|Any CPU.Build.0 = Debug|Any CPU
		{A9D53A94-245C-41C7-BC24-00F20F8B3689}.Release|Any CPU.ActiveCfg = Release|Any CPU
		{A9D53A94-245C-41C7-BC24-00F20F8B3689}.Release|Any CPU.Build.0 = Release|Any CPU
	EndGlobalSection
	GlobalSection(SolutionProperties) = preSolution
		HideSolutionNode = FALSE
	EndGlobalSection
	GlobalSection(NestedProjects) = preSolution
		{A9D53A94-245C-41C7-BC24-00F20F8B3689} = {D1500F2B-70F9-4BC3-B98E-21F2886EB410}
	EndGlobalSection
EndGlobal
